
Microsoft Visual Studio Solution File, Format Version 12.00
# Visual Studio Version 16
VisualStudioVersion = 16.0.29911.84
MinimumVisualStudioVersion = 10.0.40219.1
Project("{FAE04EC0-301F-11D3-BF4B-00C04F79EFBC}") = "MyFinance", "MyFinance\MyFinance.csproj", "{29CDAD9B-A9C6-4652-89D8-4FA48844F5EB}"
EndProject
Global
	GlobalSection(SolutionConfigurationPlatforms) = preSolution
		Debug|Any CPU = Debug|Any CPU
		Release|Any CPU = Release|Any CPU
	EndGlobalSection
	GlobalSection(ProjectConfigurationPlatforms) = postSolution
		{29CDAD9B-A9C6-4652-89D8-4FA48844F5EB}.Debug|Any CPU.ActiveCfg = Debug|Any CPU
		{29CDAD9B-A9C6-4652-89D8-4FA48844F5EB}.Debug|Any CPU.Build.0 = Debug|Any CPU
		{29CDAD9B-A9C6-4652-89D8-4FA48844F5EB}.Release|Any CPU.ActiveCfg = Release|Any CPU
		{29CDAD9B-A9C6-4652-89D8-4FA48844F5EB}.Release|Any CPU.Build.0 = Release|Any CPU
	EndGlobalSection
	GlobalSection(SolutionProperties) = preSolution
		HideSolutionNode = FALSE
	EndGlobalSection
	GlobalSection(ExtensibilityGlobals) = postSolution
		SolutionGuid = {46A0EE04-5FA9-45A6-9B75-5347CF416A3D}
	EndGlobalSection
EndGlobal
